version: 6
environments:
  default:
    channels:
    - url: https://conda.anaconda.org/conda-forge/
    packages:
      linux-64:
      - conda: https://conda.anaconda.org/conda-forge/linux-64/_libgcc_mutex-0.1-conda_forge.tar.bz2
      - conda: https://conda.anaconda.org/conda-forge/linux-64/_openmp_mutex-4.5-2_gnu.tar.bz2
      - conda: https://conda.anaconda.org/conda-forge/linux-64/aws-c-auth-0.9.1-h48c9088_3.conda
      - conda: https://conda.anaconda.org/conda-forge/linux-64/aws-c-cal-0.9.2-he7b75e1_1.conda
      - conda: https://conda.anaconda.org/conda-forge/linux-64/aws-c-common-0.12.4-hb03c661_0.conda
      - conda: https://conda.anaconda.org/conda-forge/linux-64/aws-c-compression-0.3.1-h92c474e_6.conda
      - conda: https://conda.anaconda.org/conda-forge/linux-64/aws-c-event-stream-0.5.6-h82d11aa_3.conda
      - conda: https://conda.anaconda.org/conda-forge/linux-64/aws-c-http-0.10.4-h94feff3_3.conda
      - conda: https://conda.anaconda.org/conda-forge/linux-64/aws-c-io-0.22.0-h88603f0_0.conda
      - conda: https://conda.anaconda.org/conda-forge/linux-64/aws-c-mqtt-0.13.3-h2b1cf8c_6.conda
      - conda: https://conda.anaconda.org/conda-forge/linux-64/aws-c-s3-0.8.6-h4e5ac4b_5.conda
      - conda: https://conda.anaconda.org/conda-forge/linux-64/aws-c-sdkutils-0.2.4-h92c474e_1.conda
      - conda: https://conda.anaconda.org/conda-forge/linux-64/aws-checksums-0.2.7-h92c474e_2.conda
      - conda: https://conda.anaconda.org/conda-forge/linux-64/awscli-2.30.4-py313hd5f5364_0.conda
      - conda: https://conda.anaconda.org/conda-forge/linux-64/awscrt-0.27.6-py313h68147be_4.conda
      - conda: https://conda.anaconda.org/conda-forge/linux-64/binutils_impl_linux-64-2.44-h4bf12b8_1.conda
      - conda: https://conda.anaconda.org/conda-forge/linux-64/brotli-python-1.1.0-py313h7033f15_4.conda
      - conda: https://conda.anaconda.org/conda-forge/linux-64/bzip2-1.0.8-hda65f42_8.conda
      - conda: https://conda.anaconda.org/conda-forge/noarch/ca-certificates-2025.8.3-hbd8a1cb_0.conda
      - conda: https://conda.anaconda.org/conda-forge/noarch/colorama-0.4.6-pyhd8ed1ab_1.conda
      - conda: https://conda.anaconda.org/conda-forge/linux-64/conda-gcc-specs-15.1.0-hc55bae6_5.conda
      - conda: https://conda.anaconda.org/conda-forge/noarch/distro-1.8.0-pyhd8ed1ab_0.conda
      - conda: https://conda.anaconda.org/conda-forge/linux-64/docutils-0.18.1-py313h78bf25f_1.conda
      - conda: https://conda.anaconda.org/conda-forge/linux-64/gcc-15.1.0-hd165ed4_5.conda
      - conda: https://conda.anaconda.org/conda-forge/linux-64/gcc_impl_linux-64-15.1.0-h4393ad2_5.conda
      - conda: https://conda.anaconda.org/conda-forge/linux-64/gxx-15.1.0-h33e79ad_5.conda
      - conda: https://conda.anaconda.org/conda-forge/linux-64/gxx_impl_linux-64-15.1.0-h6a1bac1_5.conda
      - conda: https://conda.anaconda.org/conda-forge/linux-64/icu-75.1-he02047a_0.conda
      - conda: https://conda.anaconda.org/conda-forge/noarch/jmespath-1.0.1-pyhd8ed1ab_1.conda
      - conda: https://conda.anaconda.org/conda-forge/noarch/kernel-headers_linux-64-4.18.0-he073ed8_8.conda
      - conda: https://conda.anaconda.org/conda-forge/linux-64/ld_impl_linux-64-2.44-h1423503_1.conda
      - conda: https://conda.anaconda.org/conda-forge/linux-64/libadbc-driver-flightsql-1.8.0-h57b9e7f_0.conda
      - conda: https://conda.anaconda.org/conda-forge/linux-64/libadbc-driver-sqlite-1.8.0-hcea63bf_0.conda
      - conda: https://conda.anaconda.org/conda-forge/linux-64/libduckdb-1.3.2-h8eb67b4_2.conda
      - conda: https://conda.anaconda.org/conda-forge/linux-64/libexpat-2.7.1-hecca717_0.conda
      - conda: https://conda.anaconda.org/conda-forge/linux-64/libffi-3.4.6-h2dba641_1.conda
      - conda: https://conda.anaconda.org/conda-forge/linux-64/libgcc-15.1.0-h767d61c_5.conda
      - conda: https://conda.anaconda.org/conda-forge/noarch/libgcc-devel_linux-64-15.1.0-h4c094af_105.conda
      - conda: https://conda.anaconda.org/conda-forge/linux-64/libgcc-ng-15.1.0-h69a702a_5.conda
      - conda: https://conda.anaconda.org/conda-forge/linux-64/libgomp-15.1.0-h767d61c_5.conda
      - conda: https://conda.anaconda.org/conda-forge/linux-64/liblzma-5.8.1-hb9d3cd8_2.conda
      - conda: https://conda.anaconda.org/conda-forge/linux-64/libmpdec-4.0.0-hb9d3cd8_0.conda
      - conda: https://conda.anaconda.org/conda-forge/linux-64/libsanitizer-15.1.0-h97b714f_5.conda
      - conda: https://conda.anaconda.org/conda-forge/linux-64/libsqlite-3.50.4-h0c1763c_0.conda
      - conda: https://conda.anaconda.org/conda-forge/linux-64/libstdcxx-15.1.0-h8f9b012_5.conda
      - conda: https://conda.anaconda.org/conda-forge/noarch/libstdcxx-devel_linux-64-15.1.0-h4c094af_105.conda
      - conda: https://conda.anaconda.org/conda-forge/linux-64/libstdcxx-ng-15.1.0-h4852527_5.conda
      - conda: https://conda.anaconda.org/conda-forge/linux-64/libuuid-2.41.1-he9a06e4_0.conda
      - conda: https://conda.anaconda.org/conda-forge/linux-64/libuv-1.51.0-hb03c661_1.conda
      - conda: https://conda.anaconda.org/conda-forge/linux-64/libzlib-1.3.1-hb9d3cd8_2.conda
      - conda: https://conda.anaconda.org/conda-forge/linux-64/ncurses-6.5-h2d0b736_3.conda
      - conda: https://conda.anaconda.org/conda-forge/linux-64/nodejs-24.4.1-heeeca48_0.conda
      - conda: https://conda.anaconda.org/conda-forge/linux-64/openssl-3.5.3-h26f9b46_0.conda
      - conda: https://conda.anaconda.org/conda-forge/noarch/prompt-toolkit-3.0.51-pyha770c72_0.conda
      - conda: https://conda.anaconda.org/conda-forge/noarch/pysocks-1.7.1-pyha55dd90_7.conda
      - conda: https://conda.anaconda.org/conda-forge/linux-64/python-3.13.7-h2b335a9_100_cp313.conda
      - conda: https://conda.anaconda.org/conda-forge/noarch/python-dateutil-2.9.0-pyhd8ed1ab_0.conda
      - conda: https://conda.anaconda.org/conda-forge/noarch/python_abi-3.13-8_cp313.conda
      - conda: https://conda.anaconda.org/conda-forge/linux-64/readline-8.2-h8c095d6_2.conda
      - conda: https://conda.anaconda.org/conda-forge/linux-64/ruamel.yaml-0.17.17-py313h07c4f96_4.conda
      - conda: https://conda.anaconda.org/conda-forge/linux-64/ruamel.yaml.clib-0.2.12-py313h07c4f96_1.conda
      - conda: https://conda.anaconda.org/conda-forge/linux-64/s2n-1.5.25-h5ac9029_1.conda
      - conda: https://conda.anaconda.org/conda-forge/noarch/setuptools-80.9.0-pyhff2d567_0.conda
      - conda: https://conda.anaconda.org/conda-forge/noarch/six-1.17.0-pyhe01879c_1.conda
      - conda: https://conda.anaconda.org/conda-forge/noarch/sysroot_linux-64-2.28-h4ee821c_8.conda
      - conda: https://conda.anaconda.org/conda-forge/linux-64/tk-8.6.13-noxft_hd72426e_102.conda
      - conda: https://conda.anaconda.org/conda-forge/noarch/tzdata-2025b-h78e105d_0.conda
      - conda: https://conda.anaconda.org/conda-forge/noarch/urllib3-1.26.19-pyhd8ed1ab_0.conda
      - conda: https://conda.anaconda.org/conda-forge/noarch/wcwidth-0.2.13-pyhd8ed1ab_1.conda
packages:
- conda: https://conda.anaconda.org/conda-forge/linux-64/_libgcc_mutex-0.1-conda_forge.tar.bz2
  sha256: fe51de6107f9edc7aa4f786a70f4a883943bc9d39b3bb7307c04c41410990726
  md5: d7c89558ba9fa0495403155b64376d81
  license: None
  size: 2562
  timestamp: 1578324546067
- conda: https://conda.anaconda.org/conda-forge/linux-64/_openmp_mutex-4.5-2_gnu.tar.bz2
  build_number: 16
  sha256: fbe2c5e56a653bebb982eda4876a9178aedfc2b545f25d0ce9c4c0b508253d22
  md5: 73aaf86a425cc6e73fcf236a5a46396d
  depends:
  - _libgcc_mutex 0.1 conda_forge
  - libgomp >=7.5.0
  constrains:
  - openmp_impl 9999
  license: BSD-3-Clause
  license_family: BSD
  size: 23621
  timestamp: 1650670423406
- conda: https://conda.anaconda.org/conda-forge/linux-64/aws-c-auth-0.9.1-h48c9088_3.conda
  sha256: e9c3dece30c12dfac995a8386bd2d1225d0b5f14c0753fcf4fef086047f77048
  md5: afdbdbe7f786f47a36a51fdc2fe91210
  depends:
  - __glibc >=2.17,<3.0.a0
  - libgcc >=14
  - aws-c-cal >=0.9.2,<0.9.3.0a0
  - aws-c-io >=0.22.0,<0.22.1.0a0
  - aws-c-http >=0.10.4,<0.10.5.0a0
  - aws-c-sdkutils >=0.2.4,<0.2.5.0a0
  - aws-c-common >=0.12.4,<0.12.5.0a0
  license: Apache-2.0
  license_family: APACHE
  size: 122946
  timestamp: 1757625693207
- conda: https://conda.anaconda.org/conda-forge/linux-64/aws-c-cal-0.9.2-he7b75e1_1.conda
  sha256: 30ecca069fdae0aa6a8bb64c47eb5a8d9a7bef7316181e8cbb08b7cb47d8b20f
  md5: c04d1312e7feec369308d656c18e7f3e
  depends:
  - __glibc >=2.17,<3.0.a0
  - aws-c-common >=0.12.4,<0.12.5.0a0
  - libgcc >=14
  - openssl >=3.5.1,<4.0a0
  license: Apache-2.0
  license_family: Apache
  size: 50942
  timestamp: 1752240577225
- conda: https://conda.anaconda.org/conda-forge/linux-64/aws-c-common-0.12.4-hb03c661_0.conda
  sha256: 6c9e1b9e82750c39ac0251dcfbeebcbb00a1af07c0d7e3fb1153c4920da316eb
  md5: ae5621814cb99642c9308977fe90ed0d
  depends:
  - __glibc >=2.17,<3.0.a0
  - libgcc >=14
  license: Apache-2.0
  license_family: Apache
  size: 236420
  timestamp: 1752193614294
- conda: https://conda.anaconda.org/conda-forge/linux-64/aws-c-compression-0.3.1-h92c474e_6.conda
  sha256: 154d4a699f4d8060b7f2cec497a06e601cbd5c8cde6736ced0fb7e161bc6f1bb
  md5: 3490e744cb8b9d5a3b9785839d618a17
  depends:
  - __glibc >=2.17,<3.0.a0
  - libgcc >=14
  - aws-c-common >=0.12.4,<0.12.5.0a0
  license: Apache-2.0
  license_family: APACHE
  size: 22116
  timestamp: 1752240005329
- conda: https://conda.anaconda.org/conda-forge/linux-64/aws-c-event-stream-0.5.6-h82d11aa_3.conda
  sha256: 849d645bf5c7923d9b0d4ba02050714c856495e34b0328b46c0c968045691117
  md5: a6374ed86387e0b1967adc8d8988db86
  depends:
  - __glibc >=2.17,<3.0.a0
  - libstdcxx >=14
  - libgcc >=14
  - aws-c-io >=0.22.0,<0.22.1.0a0
  - aws-c-common >=0.12.4,<0.12.5.0a0
  - aws-checksums >=0.2.7,<0.2.8.0a0
  license: Apache-2.0
  license_family: APACHE
  size: 58941
  timestamp: 1757606335645
- conda: https://conda.anaconda.org/conda-forge/linux-64/aws-c-http-0.10.4-h94feff3_3.conda
  sha256: ce1fb6eb7a3bb633112b334647382c4a28a1bf85ab7b02b53a34aebc984a8e89
  md5: 8dd69714ac24879be0865676eb333f6b
  depends:
  - __glibc >=2.17,<3.0.a0
  - libgcc >=14
  - aws-c-cal >=0.9.2,<0.9.3.0a0
  - aws-c-compression >=0.3.1,<0.3.2.0a0
  - aws-c-io >=0.22.0,<0.22.1.0a0
  - aws-c-common >=0.12.4,<0.12.5.0a0
  license: Apache-2.0
  license_family: APACHE
  size: 224208
  timestamp: 1757610690937
- conda: https://conda.anaconda.org/conda-forge/linux-64/aws-c-io-0.22.0-h88603f0_0.conda
  sha256: 43180c048e96abc2d5bfaad62027302411c30aaeffd39b8cb4e45e77a30d5c98
  md5: b6d54760394eb01b1b1b9beecaed3b97
  depends:
  - __glibc >=2.17,<3.0.a0
  - libgcc >=14
  - aws-c-common >=0.12.4,<0.12.5.0a0
  - s2n >=1.5.25,<1.5.26.0a0
  - aws-c-cal >=0.9.2,<0.9.3.0a0
  license: Apache-2.0
  license_family: APACHE
  size: 180829
  timestamp: 1757569404163
- conda: https://conda.anaconda.org/conda-forge/linux-64/aws-c-mqtt-0.13.3-h2b1cf8c_6.conda
  sha256: e4d782791591d6d19e1ea196e1f9494a4c30b0a052555648b64098a682ce9703
  md5: 7bb5e26afec09a59283ec1783798d74a
  depends:
  - __glibc >=2.17,<3.0.a0
  - libgcc >=14
  - aws-c-common >=0.12.4,<0.12.5.0a0
  - aws-c-io >=0.22.0,<0.22.1.0a0
  - aws-c-http >=0.10.4,<0.10.5.0a0
  license: Apache-2.0
  license_family: APACHE
  size: 216041
  timestamp: 1757626689282
- conda: https://conda.anaconda.org/conda-forge/linux-64/aws-c-s3-0.8.6-h4e5ac4b_5.conda
  sha256: 2e1fdbcbb3da881ae0eb381697f4f1ece2bd9f534b05e7ed9f21b0e6cbac6f32
  md5: 1557911474d926a8bd7b32a5f02bba35
  depends:
  - __glibc >=2.17,<3.0.a0
  - libgcc >=14
  - openssl >=3.5.2,<4.0a0
  - aws-c-http >=0.10.4,<0.10.5.0a0
  - aws-c-common >=0.12.4,<0.12.5.0a0
  - aws-checksums >=0.2.7,<0.2.8.0a0
  - aws-c-io >=0.22.0,<0.22.1.0a0
  - aws-c-auth >=0.9.1,<0.9.2.0a0
  - aws-c-cal >=0.9.2,<0.9.3.0a0
  license: Apache-2.0
  license_family: APACHE
  size: 137467
  timestamp: 1757647972268
- conda: https://conda.anaconda.org/conda-forge/linux-64/aws-c-sdkutils-0.2.4-h92c474e_1.conda
  sha256: a9e071a584be0257b2ec6ab6e1f203e9d6b16d2da2233639432727ffbf424f3d
  md5: 4ab554b102065910f098f88b40163835
  depends:
  - __glibc >=2.17,<3.0.a0
  - libgcc >=14
  - aws-c-common >=0.12.4,<0.12.5.0a0
  license: Apache-2.0
  license_family: APACHE
  size: 59146
  timestamp: 1752240966518
- conda: https://conda.anaconda.org/conda-forge/linux-64/aws-checksums-0.2.7-h92c474e_2.conda
  sha256: 7168007329dfb1c063cd5466b33a1f2b8a28a00f587a0974d97219432361b4db
  md5: 248831703050fe9a5b2680a7589fdba9
  depends:
  - __glibc >=2.17,<3.0.a0
  - libgcc >=14
  - aws-c-common >=0.12.4,<0.12.5.0a0
  license: Apache-2.0
  license_family: APACHE
  size: 76748
  timestamp: 1752241068761
- conda: https://conda.anaconda.org/conda-forge/linux-64/awscli-2.30.4-py313hd5f5364_0.conda
  sha256: bf788488055a7db8cb2c76dd9df1eecf06e27a5a416f59da361255ae53baf5db
  md5: e8a4763f4e2fd7d5f8b3413abe5b79aa
  depends:
  - python
  - colorama >=0.2.5,<0.4.7
  - docutils >=0.10,<0.20
  - ruamel.yaml >=0.15.0,<=0.17.21
  - ruamel.yaml.clib >=0.2.0,<=0.2.12
  - prompt-toolkit >=3.0.24,<3.0.52
  - distro >=1.5.0,<1.9.0
  - awscrt ==0.27.6
  - python-dateutil >=2.1,<=2.9.0
  - jmespath >=0.7.1,<1.1.0
  - urllib3 >=1.25.4,<1.27
  - python_abi 3.13.* *_cp313
  license: Apache-2.0
  size: 14044292
  timestamp: 1758159457317
- conda: https://conda.anaconda.org/conda-forge/linux-64/awscrt-0.27.6-py313h68147be_4.conda
  sha256: cdbe617566bb0c959e4b4bc7928d1d5bc803716c5f0c9cc05d1555aa7f4105e0
  md5: a30539d058cc76da733e11cf21fa8fb7
  depends:
  - python
  - libgcc >=14
  - __glibc >=2.17,<3.0.a0
  - aws-c-http >=0.10.4,<0.10.5.0a0
  - aws-c-auth >=0.9.1,<0.9.2.0a0
  - aws-c-mqtt >=0.13.3,<0.13.4.0a0
  - aws-c-io >=0.22.0,<0.22.1.0a0
  - aws-c-event-stream >=0.5.6,<0.5.7.0a0
  - s2n >=1.5.25,<1.5.26.0a0
  - aws-c-common >=0.12.4,<0.12.5.0a0
  - aws-c-cal >=0.9.2,<0.9.3.0a0
  - python_abi 3.13.* *_cp313
  - aws-checksums >=0.2.7,<0.2.8.0a0
  - aws-c-s3 >=0.8.6,<0.8.7.0a0
  license: Apache-2.0
  license_family: APACHE
  size: 257263
  timestamp: 1757665636527
- conda: https://conda.anaconda.org/conda-forge/linux-64/binutils_impl_linux-64-2.44-h4bf12b8_1.conda
  sha256: 8556847f91a85c31ef65b05b7e9182a52775616d5d4e550dfb48cdee5fd35687
  md5: e45cfedc8ca5630e02c106ea36d2c5c6
  depends:
  - ld_impl_linux-64 2.44 h1423503_1
  - sysroot_linux-64
  license: GPL-3.0-only
  license_family: GPL
  size: 3781716
  timestamp: 1752032761608
- conda: https://conda.anaconda.org/conda-forge/linux-64/brotli-python-1.1.0-py313h7033f15_4.conda
  sha256: b1941426e564d326097ded7af8b525540be219be7a88ca961d58a8d4fc116db2
  md5: bc8624c405856b1d047dd0a81829b08c
  depends:
  - __glibc >=2.17,<3.0.a0
  - libgcc >=14
  - libstdcxx >=14
  - python >=3.13,<3.14.0a0
  - python_abi 3.13.* *_cp313
  constrains:
  - libbrotlicommon 1.1.0 hb03c661_4
  license: MIT
  license_family: MIT
  size: 353639
  timestamp: 1756599425945
- conda: https://conda.anaconda.org/conda-forge/linux-64/bzip2-1.0.8-hda65f42_8.conda
  sha256: c30daba32ddebbb7ded490f0e371eae90f51e72db620554089103b4a6934b0d5
  md5: 51a19bba1b8ebfb60df25cde030b7ebc
  depends:
  - __glibc >=2.17,<3.0.a0
  - libgcc >=14
  license: bzip2-1.0.6
  license_family: BSD
  size: 260341
  timestamp: 1757437258798
- conda: https://conda.anaconda.org/conda-forge/noarch/ca-certificates-2025.8.3-hbd8a1cb_0.conda
  sha256: 837b795a2bb39b75694ba910c13c15fa4998d4bb2a622c214a6a5174b2ae53d1
  md5: 74784ee3d225fc3dca89edb635b4e5cc
  depends:
  - __unix
  license: ISC
  size: 154402
  timestamp: 1754210968730
- conda: https://conda.anaconda.org/conda-forge/noarch/colorama-0.4.6-pyhd8ed1ab_1.conda
  sha256: ab29d57dc70786c1269633ba3dff20288b81664d3ff8d21af995742e2bb03287
  md5: 962b9857ee8e7018c22f2776ffa0b2d7
  depends:
  - python >=3.9
  license: BSD-3-Clause
  license_family: BSD
  size: 27011
  timestamp: 1733218222191
- conda: https://conda.anaconda.org/conda-forge/linux-64/conda-gcc-specs-15.1.0-hc55bae6_5.conda
  sha256: e1ee96f81e48507ede67ff15651ae477bda4b512eab438027cf7c3002223973e
  md5: 9cb6d34614938b4ebfca7f54cf1e766f
  depends:
  - gcc_impl_linux-64 >=15.1.0,<15.1.1.0a0
  license: GPL-3.0-only WITH GCC-exception-3.1
  license_family: GPL
  size: 33167
  timestamp: 1757042749056
- conda: https://conda.anaconda.org/conda-forge/noarch/distro-1.8.0-pyhd8ed1ab_0.conda
  sha256: 0d01c4da6d4f0a935599210f82ac0630fa9aeb4fc37cbbc78043a932a39ec4f3
  md5: 67999c5465064480fa8016d00ac768f6
  depends:
  - python >=3.6
  license: Apache-2.0
  license_family: APACHE
  size: 40854
  timestamp: 1675116355989
- conda: https://conda.anaconda.org/conda-forge/linux-64/docutils-0.18.1-py313h78bf25f_1.conda
  sha256: 101d73deed8d839335d75ff2cdcb548ba666b699e16fd11488644efb0644cf7f
  md5: 0d72df6ebc7870ee7f7486dde11b7732
  depends:
  - python >=3.13,<3.14.0a0
  - python_abi 3.13.* *_cp313
  license: CC-PDDC AND BSD-3-Clause AND BSD-2-Clause AND ZPL-2.1
  size: 901056
  timestamp: 1755942635216
- conda: https://conda.anaconda.org/conda-forge/linux-64/gcc-15.1.0-hd165ed4_5.conda
  sha256: 3740f57b37cf2d7b92ad25c88c414bd277938f03e7add166fa77789180310d82
  md5: 64929ec997f947630434b6b812fff11e
  depends:
  - conda-gcc-specs
  - gcc_impl_linux-64 15.1.0.*
  license: BSD-3-Clause
  license_family: BSD
  size: 30919
  timestamp: 1757042894962
- conda: https://conda.anaconda.org/conda-forge/linux-64/gcc_impl_linux-64-15.1.0-h4393ad2_5.conda
  sha256: 725aac2128459f5a7d38df35024e300c02bec33dc4ebb9d2bdd79e15858c5046
  md5: 4c1dbd9316a6916e63439f79d7a81c4b
  depends:
  - binutils_impl_linux-64 >=2.40
  - libgcc >=15.1.0
  - libgcc-devel_linux-64 15.1.0 h4c094af_105
  - libgomp >=15.1.0
  - libsanitizer 15.1.0 h97b714f_5
  - libstdcxx >=15.1.0
  - sysroot_linux-64
  license: GPL-3.0-only WITH GCC-exception-3.1
  license_family: GPL
  size: 77602037
  timestamp: 1757042646901
- conda: https://conda.anaconda.org/conda-forge/linux-64/gxx-15.1.0-h33e79ad_5.conda
  sha256: b3205660bbe91156afaf66289a59c693fe4d476c8ba07f29693e75a1e72027d6
  md5: 7e6d4d25c1e512e7b03fdf28833686f5
  depends:
  - gcc 15.1.0.*
  - gxx_impl_linux-64 15.1.0.*
  license: BSD-3-Clause
  license_family: BSD
  size: 30387
  timestamp: 1757042917228
- conda: https://conda.anaconda.org/conda-forge/linux-64/gxx_impl_linux-64-15.1.0-h6a1bac1_5.conda
  sha256: 9fb73c0135fd1d7f9279cce4bb7652bef13e715c2f8330ba2a4982a99c69eab4
  md5: a8e2ebf76bfd4d0e67b1047c340cf915
  depends:
  - gcc_impl_linux-64 15.1.0 h4393ad2_5
  - libstdcxx-devel_linux-64 15.1.0 h4c094af_105
  - sysroot_linux-64
  - tzdata
  license: GPL-3.0-only WITH GCC-exception-3.1
  license_family: GPL
  size: 15776077
  timestamp: 1757042854396
- conda: https://conda.anaconda.org/conda-forge/linux-64/icu-75.1-he02047a_0.conda
  sha256: 71e750d509f5fa3421087ba88ef9a7b9be11c53174af3aa4d06aff4c18b38e8e
  md5: 8b189310083baabfb622af68fd9d3ae3
  depends:
  - __glibc >=2.17,<3.0.a0
  - libgcc-ng >=12
  - libstdcxx-ng >=12
  license: MIT
  license_family: MIT
  size: 12129203
  timestamp: 1720853576813
- conda: https://conda.anaconda.org/conda-forge/noarch/jmespath-1.0.1-pyhd8ed1ab_1.conda
  sha256: 3d2f20ee7fd731e3ff55c189db9c43231bc8bde957875817a609c227bcb295c6
  md5: 972bdca8f30147135f951847b30399ea
  depends:
  - python >=3.9
  license: MIT
  license_family: MIT
  size: 23708
  timestamp: 1733229244590
- conda: https://conda.anaconda.org/conda-forge/noarch/kernel-headers_linux-64-4.18.0-he073ed8_8.conda
  sha256: 305c22a251db227679343fd73bfde121e555d466af86e537847f4c8b9436be0d
  md5: ff007ab0f0fdc53d245972bba8a6d40c
  constrains:
  - sysroot_linux-64 ==2.28
  license: LGPL-2.0-or-later AND LGPL-2.0-or-later WITH exceptions AND GPL-2.0-or-later
  license_family: GPL
  size: 1272697
  timestamp: 1752669126073
- conda: https://conda.anaconda.org/conda-forge/linux-64/ld_impl_linux-64-2.44-h1423503_1.conda
  sha256: 1a620f27d79217c1295049ba214c2f80372062fd251b569e9873d4a953d27554
  md5: 0be7c6e070c19105f966d3758448d018
  depends:
  - __glibc >=2.17,<3.0.a0
  constrains:
  - binutils_impl_linux-64 2.44
  license: GPL-3.0-only
  license_family: GPL
  size: 676044
  timestamp: 1752032747103
- conda: https://conda.anaconda.org/conda-forge/linux-64/libadbc-driver-flightsql-1.8.0-h57b9e7f_0.conda
  sha256: e9d8d65252028b4e9f1c07103150a0d67425f5bd76c2e9e731b19a3b6d39a25f
  md5: 85085cae5bdc17c4c9bd227d7415f3e5
  depends:
  - __glibc >=2.17
  - __glibc >=2.17,<3.0.a0
  - libgcc >=14
  license: Apache-2.0
  license_family: APACHE
  size: 12863649
  timestamp: 1757913193099
- conda: https://conda.anaconda.org/conda-forge/linux-64/libadbc-driver-sqlite-1.8.0-hcea63bf_0.conda
  sha256: 80dae80ecd495f5fe564874dc5c2d28500b5f6ec572bb9657d9f3ff7bfc61d91
  md5: c6553bcd35c0bf506d3636441776d63e
  depends:
  - __glibc >=2.17,<3.0.a0
  - libgcc >=14
  - libsqlite >=3.50.4,<4.0a0
  - libstdcxx >=14
  license: Apache-2.0
  license_family: APACHE
  size: 195795
  timestamp: 1757913412492
- conda: https://conda.anaconda.org/conda-forge/linux-64/libduckdb-1.3.2-h8eb67b4_2.conda
  sha256: 61e18636162c6fd84ef6f5ce4c57c135f8f39bb356d46e6653b88c5bc8614aca
  md5: c06d485b4533989299b23ebd500e5c72
  depends:
  - __glibc >=2.17,<3.0.a0
  - icu >=75.1,<76.0a0
  - libgcc >=14
  - libstdcxx >=14
  - openssl >=3.5.1,<4.0a0
  license: MIT
  license_family: MIT
  size: 12651356
  timestamp: 1753702428912
- conda: https://conda.anaconda.org/conda-forge/linux-64/libexpat-2.7.1-hecca717_0.conda
  sha256: da2080da8f0288b95dd86765c801c6e166c4619b910b11f9a8446fb852438dc2
  md5: 4211416ecba1866fab0c6470986c22d6
  depends:
  - __glibc >=2.17,<3.0.a0
  - libgcc >=14
  constrains:
  - expat 2.7.1.*
  license: MIT
  license_family: MIT
  size: 74811
  timestamp: 1752719572741
- conda: https://conda.anaconda.org/conda-forge/linux-64/libffi-3.4.6-h2dba641_1.conda
  sha256: 764432d32db45466e87f10621db5b74363a9f847d2b8b1f9743746cd160f06ab
  md5: ede4673863426c0883c0063d853bbd85
  depends:
  - __glibc >=2.17,<3.0.a0
  - libgcc >=13
  license: MIT
  license_family: MIT
  size: 57433
  timestamp: 1743434498161
- conda: https://conda.anaconda.org/conda-forge/linux-64/libgcc-15.1.0-h767d61c_5.conda
  sha256: 0caed73aac3966bfbf5710e06c728a24c6c138605121a3dacb2e03440e8baa6a
  md5: 264fbfba7fb20acf3b29cde153e345ce
  depends:
  - __glibc >=2.17,<3.0.a0
  - _openmp_mutex >=4.5
  constrains:
  - libgomp 15.1.0 h767d61c_5
  - libgcc-ng ==15.1.0=*_5
  license: GPL-3.0-only WITH GCC-exception-3.1
  license_family: GPL
  size: 824191
  timestamp: 1757042543820
- conda: https://conda.anaconda.org/conda-forge/noarch/libgcc-devel_linux-64-15.1.0-h4c094af_105.conda
  sha256: 714648a02a42bf9c9ee63be4d56ee88de0c66e3b1c8f041995512173b0482278
  md5: a38922dbdf037d78b3d00d6d0a0399da
  depends:
  - __unix
  license: GPL-3.0-only WITH GCC-exception-3.1
  license_family: GPL
  size: 2728198
  timestamp: 1757042471636
- conda: https://conda.anaconda.org/conda-forge/linux-64/libgcc-ng-15.1.0-h69a702a_5.conda
  sha256: f54bb9c3be12b24be327f4c1afccc2969712e0b091cdfbd1d763fb3e61cda03f
  md5: 069afdf8ea72504e48d23ae1171d951c
  depends:
  - libgcc 15.1.0 h767d61c_5
  license: GPL-3.0-only WITH GCC-exception-3.1
  license_family: GPL
  size: 29187
  timestamp: 1757042549554
- conda: https://conda.anaconda.org/conda-forge/linux-64/libgomp-15.1.0-h767d61c_5.conda
  sha256: 125051d51a8c04694d0830f6343af78b556dd88cc249dfec5a97703ebfb1832d
  md5: dcd5ff1940cd38f6df777cac86819d60
  depends:
  - __glibc >=2.17,<3.0.a0
  license: GPL-3.0-only WITH GCC-exception-3.1
  license_family: GPL
  size: 447215
  timestamp: 1757042483384
- conda: https://conda.anaconda.org/conda-forge/linux-64/liblzma-5.8.1-hb9d3cd8_2.conda
  sha256: f2591c0069447bbe28d4d696b7fcb0c5bd0b4ac582769b89addbcf26fb3430d8
  md5: 1a580f7796c7bf6393fddb8bbbde58dc
  depends:
  - __glibc >=2.17,<3.0.a0
  - libgcc >=13
  constrains:
  - xz 5.8.1.*
  license: 0BSD
  size: 112894
  timestamp: 1749230047870
- conda: https://conda.anaconda.org/conda-forge/linux-64/libmpdec-4.0.0-hb9d3cd8_0.conda
  sha256: 3aa92d4074d4063f2a162cd8ecb45dccac93e543e565c01a787e16a43501f7ee
  md5: c7e925f37e3b40d893459e625f6a53f1
  depends:
  - __glibc >=2.17,<3.0.a0
  - libgcc >=13
  license: BSD-2-Clause
  license_family: BSD
  size: 91183
  timestamp: 1748393666725
- conda: https://conda.anaconda.org/conda-forge/linux-64/libsanitizer-15.1.0-h97b714f_5.conda
  sha256: 60a9318c41d9d3d0dc235e015799b60a609d801320a5443ec2c4a13c40ceda19
  md5: 7c9027f66aaca7dcfb9688da0e6f7845
  depends:
  - __glibc >=2.17,<3.0.a0
  - libgcc >=15.1.0
  - libstdcxx >=15.1.0
  license: GPL-3.0-only WITH GCC-exception-3.1
  license_family: GPL
  size: 5203111
  timestamp: 1757042586073
- conda: https://conda.anaconda.org/conda-forge/linux-64/libsqlite-3.50.4-h0c1763c_0.conda
  sha256: 6d9c32fc369af5a84875725f7ddfbfc2ace795c28f246dc70055a79f9b2003da
  md5: 0b367fad34931cb79e0d6b7e5c06bb1c
  depends:
  - __glibc >=2.17,<3.0.a0
  - libgcc >=14
  - libzlib >=1.3.1,<2.0a0
  license: blessing
  size: 932581
  timestamp: 1753948484112
- conda: https://conda.anaconda.org/conda-forge/linux-64/libstdcxx-15.1.0-h8f9b012_5.conda
  sha256: 0f5f61cab229b6043541c13538d75ce11bd96fb2db76f94ecf81997b1fde6408
  md5: 4e02a49aaa9d5190cb630fa43528fbe6
  depends:
  - __glibc >=2.17,<3.0.a0
  - libgcc 15.1.0 h767d61c_5
  license: GPL-3.0-only WITH GCC-exception-3.1
  license_family: GPL
  size: 3896432
  timestamp: 1757042571458
- conda: https://conda.anaconda.org/conda-forge/noarch/libstdcxx-devel_linux-64-15.1.0-h4c094af_105.conda
  sha256: 7eb7bee2316673db612899ddf5cadef90b5e78da2832af6cb80b55bd3fb0056f
  md5: 3bc809fa9c4b2cd49ed38fe555af5f99
  depends:
  - __unix
  license: GPL-3.0-only WITH GCC-exception-3.1
  license_family: GPL
  size: 14716938
  timestamp: 1757042497739
- conda: https://conda.anaconda.org/conda-forge/linux-64/libstdcxx-ng-15.1.0-h4852527_5.conda
  sha256: 7b8cabbf0ab4fe3581ca28fe8ca319f964078578a51dd2ca3f703c1d21ba23ff
  md5: 8bba50c7f4679f08c861b597ad2bda6b
  depends:
  - libstdcxx 15.1.0 h8f9b012_5
  license: GPL-3.0-only WITH GCC-exception-3.1
  license_family: GPL
  size: 29233
  timestamp: 1757042603319
- conda: https://conda.anaconda.org/conda-forge/linux-64/libuuid-2.41.1-he9a06e4_0.conda
  sha256: 776e28735cee84b97e4d05dd5d67b95221a3e2c09b8b13e3d6dbe6494337d527
  md5: af930c65e9a79a3423d6d36e265cef65
  depends:
  - __glibc >=2.17,<3.0.a0
  - libgcc >=14
  license: BSD-3-Clause
  license_family: BSD
  size: 37087
  timestamp: 1757334557450
- conda: https://conda.anaconda.org/conda-forge/linux-64/libuv-1.51.0-hb03c661_1.conda
  sha256: c180f4124a889ac343fc59d15558e93667d894a966ec6fdb61da1604481be26b
  md5: 0f03292cc56bf91a077a134ea8747118
  depends:
  - __glibc >=2.17,<3.0.a0
  - libgcc >=14
  license: MIT
  license_family: MIT
  size: 895108
  timestamp: 1753948278280
- conda: https://conda.anaconda.org/conda-forge/linux-64/libzlib-1.3.1-hb9d3cd8_2.conda
  sha256: d4bfe88d7cb447768e31650f06257995601f89076080e76df55e3112d4e47dc4
  md5: edb0dca6bc32e4f4789199455a1dbeb8
  depends:
  - __glibc >=2.17,<3.0.a0
  - libgcc >=13
  constrains:
  - zlib 1.3.1 *_2
  license: Zlib
  license_family: Other
  size: 60963
  timestamp: 1727963148474
- conda: https://conda.anaconda.org/conda-forge/linux-64/ncurses-6.5-h2d0b736_3.conda
  sha256: 3fde293232fa3fca98635e1167de6b7c7fda83caf24b9d6c91ec9eefb4f4d586
  md5: 47e340acb35de30501a76c7c799c41d7
  depends:
  - __glibc >=2.17,<3.0.a0
  - libgcc >=13
  license: X11 AND BSD-3-Clause
  size: 891641
  timestamp: 1738195959188
- conda: https://conda.anaconda.org/conda-forge/linux-64/nodejs-24.4.1-heeeca48_0.conda
  sha256: 1239ba36ea69eefcc55f107fe186810b59488923544667175f6976fa4903c8c9
  md5: d629b201c3fbc0c203ca0ad7b03f22ce
  depends:
  - libgcc >=14
  - __glibc >=2.28,<3.0.a0
  - libstdcxx >=14
  - libgcc >=14
  - libuv >=1.51.0,<2.0a0
  - icu >=75.1,<76.0a0
  - openssl >=3.5.1,<4.0a0
  - libzlib >=1.3.1,<2.0a0
  license: MIT
  license_family: MIT
  size: 25669735
  timestamp: 1752839464718
- conda: https://conda.anaconda.org/conda-forge/linux-64/openssl-3.5.3-h26f9b46_0.conda
  sha256: 8c313f79fd9408f53922441fbb4e38f065e2251840f86862f05bdf613da7980f
  md5: 72b3dd72e4f0b88cdacf3421313480f0
  depends:
  - __glibc >=2.17,<3.0.a0
  - ca-certificates
  - libgcc >=14
  license: Apache-2.0
  license_family: Apache
  size: 3136554
  timestamp: 1758040407921
- conda: https://conda.anaconda.org/conda-forge/noarch/prompt-toolkit-3.0.51-pyha770c72_0.conda
  sha256: ebc1bb62ac612af6d40667da266ff723662394c0ca78935340a5b5c14831227b
  md5: d17ae9db4dc594267181bd199bf9a551
  depends:
  - python >=3.9
  - wcwidth
  constrains:
  - prompt_toolkit 3.0.51
  license: BSD-3-Clause
  license_family: BSD
  size: 271841
  timestamp: 1744724188108
- conda: https://conda.anaconda.org/conda-forge/noarch/pysocks-1.7.1-pyha55dd90_7.conda
  sha256: ba3b032fa52709ce0d9fd388f63d330a026754587a2f461117cac9ab73d8d0d8
  md5: 461219d1a5bd61342293efa2c0c90eac
  depends:
  - __unix
  - python >=3.9
  license: BSD-3-Clause
  license_family: BSD
  size: 21085
  timestamp: 1733217331982
- conda: https://conda.anaconda.org/conda-forge/linux-64/python-3.13.7-h2b335a9_100_cp313.conda
  build_number: 100
  sha256: 16cc30a5854f31ca6c3688337d34e37a79cdc518a06375fe3482ea8e2d6b34c8
  md5: 724dcf9960e933838247971da07fe5cf
  depends:
  - __glibc >=2.17,<3.0.a0
  - bzip2 >=1.0.8,<2.0a0
  - ld_impl_linux-64 >=2.36.1
  - libexpat >=2.7.1,<3.0a0
  - libffi >=3.4.6,<3.5.0a0
  - libgcc >=14
  - liblzma >=5.8.1,<6.0a0
  - libmpdec >=4.0.0,<5.0a0
  - libsqlite >=3.50.4,<4.0a0
  - libuuid >=2.38.1,<3.0a0
  - libzlib >=1.3.1,<2.0a0
  - ncurses >=6.5,<7.0a0
  - openssl >=3.5.2,<4.0a0
  - python_abi 3.13.* *_cp313
  - readline >=8.2,<9.0a0
  - tk >=8.6.13,<8.7.0a0
  - tzdata
  license: Python-2.0
  size: 33583088
  timestamp: 1756911465277
  python_site_packages_path: lib/python3.13/site-packages
- conda: https://conda.anaconda.org/conda-forge/noarch/python-dateutil-2.9.0-pyhd8ed1ab_0.conda
  sha256: f3ceef02ac164a8d3a080d0d32f8e2ebe10dd29e3a685d240e38b3599e146320
  md5: 2cf4264fffb9e6eff6031c5b6884d61c
  depends:
  - python >=3.7
  - six >=1.5
  license: Apache-2.0
  license_family: APACHE
  size: 222742
  timestamp: 1709299922152
- conda: https://conda.anaconda.org/conda-forge/noarch/python_abi-3.13-8_cp313.conda
  build_number: 8
  sha256: 210bffe7b121e651419cb196a2a63687b087497595c9be9d20ebe97dd06060a7
  md5: 94305520c52a4aa3f6c2b1ff6008d9f8
  constrains:
  - python 3.13.* *_cp313
  license: BSD-3-Clause
  license_family: BSD
  size: 7002
  timestamp: 1752805902938
- conda: https://conda.anaconda.org/conda-forge/linux-64/readline-8.2-h8c095d6_2.conda
  sha256: 2d6d0c026902561ed77cd646b5021aef2d4db22e57a5b0178dfc669231e06d2c
  md5: 283b96675859b20a825f8fa30f311446
  depends:
  - libgcc >=13
  - ncurses >=6.5,<7.0a0
  license: GPL-3.0-only
  license_family: GPL
  size: 282480
  timestamp: 1740379431762
- conda: https://conda.anaconda.org/conda-forge/linux-64/ruamel.yaml-0.17.17-py313h07c4f96_4.conda
  sha256: 6642cfb7b0553322ebee7835c468d97c2b2c61b5a6df6fc0dd16300a4efb3071
  md5: 5f6e84306587444b4170bca3e7cb2336
  depends:
  - __glibc >=2.17,<3.0.a0
  - libgcc >=14
  - python >=3.13,<3.14.0a0
  - python_abi 3.13.* *_cp313
  - ruamel.yaml.clib >=0.1.2
  - setuptools
  license: MIT
  license_family: MIT
  size: 254840
  timestamp: 1757164477929
- conda: https://conda.anaconda.org/conda-forge/linux-64/ruamel.yaml.clib-0.2.12-py313h07c4f96_1.conda
  sha256: bcbc563502fb3f0f9b30342711f10571295d7399cad4fcc9aeb26eb1f99f679a
  md5: 4b32c72300aff010ef2174a337a6fe44
  depends:
  - __glibc >=2.17,<3.0.a0
  - libgcc >=14
  - python >=3.13,<3.14.0a0
  - python_abi 3.13.* *_cp313
  license: MIT
  license_family: MIT
  size: 140707
  timestamp: 1756828783287
- conda: https://conda.anaconda.org/conda-forge/linux-64/s2n-1.5.25-h5ac9029_1.conda
  sha256: 0d34d6b8fd84ea489404319dceaab10767b95858cb7477d32b10e08650c1b9b7
  md5: 4e0393492bc2ba11cad69933a3ebaa1e
  depends:
  - __glibc >=2.17,<3.0.a0
  - libgcc >=14
  - openssl >=3.5.2,<4.0a0
  license: Apache-2.0
  license_family: Apache
  size: 385584
  timestamp: 1757308545846
- conda: https://conda.anaconda.org/conda-forge/noarch/setuptools-80.9.0-pyhff2d567_0.conda
  sha256: 972560fcf9657058e3e1f97186cc94389144b46dbdf58c807ce62e83f977e863
  md5: 4de79c071274a53dcaf2a8c749d1499e
  depends:
  - python >=3.9
  license: MIT
  license_family: MIT
  size: 748788
  timestamp: 1748804951958
- conda: https://conda.anaconda.org/conda-forge/noarch/six-1.17.0-pyhe01879c_1.conda
  sha256: 458227f759d5e3fcec5d9b7acce54e10c9e1f4f4b7ec978f3bfd54ce4ee9853d
  md5: 3339e3b65d58accf4ca4fb8748ab16b3
  depends:
  - python >=3.9
  - python
  license: MIT
  license_family: MIT
  size: 18455
  timestamp: 1753199211006
- conda: https://conda.anaconda.org/conda-forge/noarch/sysroot_linux-64-2.28-h4ee821c_8.conda
  sha256: 0053c17ffbd9f8af1a7f864995d70121c292e317804120be4667f37c92805426
  md5: 1bad93f0aa428d618875ef3a588a889e
  depends:
  - __glibc >=2.28
  - kernel-headers_linux-64 4.18.0 he073ed8_8
  - tzdata
  license: LGPL-2.0-or-later AND LGPL-2.0-or-later WITH exceptions AND GPL-2.0-or-later
  license_family: GPL
  size: 24210909
  timestamp: 1752669140965
- conda: https://conda.anaconda.org/conda-forge/linux-64/tk-8.6.13-noxft_hd72426e_102.conda
  sha256: a84ff687119e6d8752346d1d408d5cf360dee0badd487a472aa8ddedfdc219e1
  md5: a0116df4f4ed05c303811a837d5b39d8
  depends:
  - __glibc >=2.17,<3.0.a0
  - libgcc >=13
  - libzlib >=1.3.1,<2.0a0
  license: TCL
  license_family: BSD
  size: 3285204
  timestamp: 1748387766691
- conda: https://conda.anaconda.org/conda-forge/noarch/tzdata-2025b-h78e105d_0.conda
  sha256: 5aaa366385d716557e365f0a4e9c3fca43ba196872abbbe3d56bb610d131e192
  md5: 4222072737ccff51314b5ece9c7d6f5a
  license: LicenseRef-Public-Domain
  size: 122968
  timestamp: 1742727099393
- conda: https://conda.anaconda.org/conda-forge/noarch/urllib3-1.26.19-pyhd8ed1ab_0.conda
  sha256: 543ebab5241418a4e0d4d9e356ef13e4361504810a067a01481660bb35eb5643
  md5: 6bb37c314b3cc1515dcf086ffe01c46e
  depends:
  - brotli-python >=1.0.9
  - pysocks >=1.5.6,<2.0,!=1.5.7
  - python >=3.7
  license: MIT
  license_family: MIT
  size: 115125
  timestamp: 1718728467518
- conda: https://conda.anaconda.org/conda-forge/noarch/wcwidth-0.2.13-pyhd8ed1ab_1.conda
  sha256: f21e63e8f7346f9074fd00ca3b079bd3d2fa4d71f1f89d5b6934bf31446dc2a5
  md5: b68980f2495d096e71c7fd9d7ccf63e6
  depends:
  - python >=3.9
  license: MIT
  license_family: MIT
  size: 32581
  timestamp: 1733231433877
